
Microsoft Visual Studio Solution File, Format Version 12.00
# Visual Studio Version 17
VisualStudioVersion = 17.6.33723.286
MinimumVisualStudioVersion = 10.0.40219.1
Project("{FAE04EC0-301F-11D3-BF4B-00C04F79EFBC}") = "GPA_Cal", "GPA_Calculator\GPA_Cal.csproj", "{DD45373A-845D-412C-9608-8F53769FC195}"
EndProject
Global
	GlobalSection(SolutionConfigurationPlatforms) = preSolution
		Debug|Any CPU = Debug|Any CPU
		Release|Any CPU = Release|Any CPU
		Description = Phần mềm tính GPA
	EndGlobalSection
	GlobalSection(ProjectConfigurationPlatforms) = postSolution
		{DD45373A-845D-412C-9608-8F53769FC195}.Debug|Any CPU.ActiveCfg = Debug|Any CPU
		{DD45373A-845D-412C-9608-8F53769FC195}.Debug|Any CPU.Build.0 = Debug|Any CPU
		{DD45373A-845D-412C-9608-8F53769FC195}.Release|Any CPU.ActiveCfg = Release|Any CPU
		{DD45373A-845D-412C-9608-8F53769FC195}.Release|Any CPU.Build.0 = Release|Any CPU
	EndGlobalSection
	GlobalSection(SolutionProperties) = preSolution
		HideSolutionNode = FALSE
	EndGlobalSection
	GlobalSection(ExtensibilityGlobals) = postSolution
		SolutionGuid = {B42640E2-77EE-4089-BD62-6510F11FA7DB}
	EndGlobalSection
EndGlobal
